
Microsoft Visual Studio Solution File, Format Version 12.00
# Visual Studio Version 16
VisualStudioVersion = 16.0.31515.178
MinimumVisualStudioVersion = 10.0.40219.1
Project("{FAE04EC0-301F-11D3-BF4B-00C04F79EFBC}") = "CEPSearch", "CEPSearch\CEPSearch.csproj", "{BE1BB02D-5D82-4A45-A526-28AEAB20270D}"
EndProject
Global
	GlobalSection(SolutionConfigurationPlatforms) = preSolution
		Debug|Any CPU = Debug|Any CPU
		Release|Any CPU = Release|Any CPU
	EndGlobalSection
	GlobalSection(ProjectConfigurationPlatforms) = postSolution
		{BE1BB02D-5D82-4A45-A526-28AEAB20270D}.Debug|Any CPU.ActiveCfg = Debug|Any CPU
		{BE1BB02D-5D82-4A45-A526-28AEAB20270D}.Debug|Any CPU.Build.0 = Debug|Any CPU
		{BE1BB02D-5D82-4A45-A526-28AEAB20270D}.Release|Any CPU.ActiveCfg = Release|Any CPU
		{BE1BB02D-5D82-4A45-A526-28AEAB20270D}.Release|Any CPU.Build.0 = Release|Any CPU
	EndGlobalSection
	GlobalSection(SolutionProperties) = preSolution
		HideSolutionNode = FALSE
	EndGlobalSection
	GlobalSection(ExtensibilityGlobals) = postSolution
		SolutionGuid = {5CBDCCD9-12E3-4465-89AB-D67F9D6187F2}
	EndGlobalSection
EndGlobal
